{
    "_readme": [
        "This file locks the dependencies of your project to a known state",
        "Read more about it at https://getcomposer.org/doc/01-basic-usage.md#installing-dependencies",
        "This file is @generated automatically"
    ],
    "content-hash": "e77bb227cad3825548a8ecbd08b494ac",
    "packages": [
        {
            "name": "kip/framework",
            "version": "dev-main",
            "dist": {
                "type": "path",
                "url": "..",
                "reference": "807645462011c49b83e222ab94bf7c181e4ea800"
            },
            "require": {
                "ext-pdo": "*",
                "php": ">=8.3"
            },
            "require-dev": {
                "phpstan/phpstan": "^2.2",
                "phpunit/phpunit": "^11"
            },
            "type": "library",
            "extra": {
                "branch-alias": {
                    "dev-main": "0.5.x-dev"
                }
            },
            "autoload": {
                "psr-4": {
                    "Kip\\": "src/"
                }
            },
            "autoload-dev": {
                "psr-4": {
                    "Kip\\Tests\\": "tests/"
                }
            },
            "scripts": {
                "check-docs": [
                    "@php scripts/check-docs.php"
                ],
                "lint": [
                    "@php vendor/bin/phpstan analyse --no-progress --memory-limit=256M"
                ],
                "test": [
                    "@php vendor/bin/phpunit"
                ],
                "check": [
                    "@lint",
                    "@check-docs",
                    "@test"
                ]
            },
            "license": [
                "MIT"
            ],
            "authors": [
                {
                    "name": "Danilo Stern-Sapad",
                    "homepage": "https://hyperion360.com/"
                }
            ],
            "description": "Kip: the batteries-included, zero-dependency, server-rendered PHP framework",
            "support": {
                "issues": "https://github.com/Hyperion360/kip/issues",
                "source": "https://github.com/Hyperion360/kip"
            },
            "transport-options": {
                "symlink": true,
                "relative": true
            }
        }
    ],
    "packages-dev": [],
    "aliases": [],
    "minimum-stability": "dev",
    "stability-flags": {
        "kip/framework": 20
    },
    "prefer-stable": true,
    "prefer-lowest": false,
    "platform": {
        "php": ">=8.3"
    },
    "platform-dev": {},
    "plugin-api-version": "2.6.0"
}
